// !$*UTF8*$!
{
	archiveVersion = 1;
	classes = {
	};
	objectVersion = 46;
	objects = {

/* Begin PBXBuildFile section */
		EE75CAC7177156AD0099ABC1 /* UIKit.framework in Frameworks */ = {isa = PBXBuildFile; fileRef = EE75CAC6177156AD0099ABC1 /* UIKit.framework */; };
		EE75CAC9177156AD0099ABC1 /* Foundation.framework in Frameworks */ = {isa = PBXBuildFile; fileRef = EE75CAC8177156AD0099ABC1 /* Foundation.framework */; };
		EE75CACB177156AD0099ABC1 /* CoreGraphics.framework in Frameworks */ = {isa = PBXBuildFile; fileRef = EE75CACA177156AD0099ABC1 /* CoreGraphics.framework */; };
		EE75CAD1177156AD0099ABC1 /* InfoPlist.strings in Resources */ = {isa = PBXBuildFile; fileRef = EE75CACF177156AD0099ABC1 /* InfoPlist.strings */; };
		EE75CAD3177156AD0099ABC1 /* main.m in Sources */ = {isa = PBXBuildFile; fileRef = EE75CAD2177156AD0099ABC1 /* main.m */; };
		EE75CAD7177156AD0099ABC1 /* AppDelegate.m in Sources */ = {isa = PBXBuildFile; fileRef = EE75CAD6177156AD0099ABC1 /* AppDelegate.m */; };
		EE75CAD9177156AD0099ABC1 /* Default.png in Resources */ = {isa = PBXBuildFile; fileRef = EE75CAD8177156AD0099ABC1 /* Default.png */; };
		EE75CADB177156AD0099ABC1 /* Default@2x.png in Resources */ = {isa = PBXBuildFile; fileRef = EE75CADA177156AD0099ABC1 /* Default@2x.png */; };
		EE75CADD177156AD0099ABC1 /* Default-568h@2x.png in Resources */ = {isa = PBXBuildFile; fileRef = EE75CADC177156AD0099ABC1 /* Default-568h@2x.png */; };
		EE75CAE5177156CB0099ABC1 /* TouchView.m in Sources */ = {isa = PBXBuildFile; fileRef = EE75CAE4177156CB0099ABC1 /* TouchView.m */; };
		EE75CAE71771BB4B0099ABC1 /* mmm.png in Resources */ = {isa = PBXBuildFile; fileRef = EE75CAE61771BB4B0099ABC1 /* mmm.png */; };
		EEFBC02117749E3B00E26595 /* CoreText.framework in Frameworks */ = {isa = PBXBuildFile; fileRef = EEFBC02017749E3B00E26595 /* CoreText.framework */; };
		EEFBC0821776976500E26595 /* Localizable.strings in Resources */ = {isa = PBXBuildFile; fileRef = EEFBC0841776976500E26595 /* Localizable.strings */; };
/* End PBXBuildFile section */

/* Begin PBXFileReference section */
		EE75CAC3177156AD0099ABC1 /* Touch.app */ = {isa = PBXFileReference; explicitFileType = wrapper.application; includeInIndex = 0; path = Touch.app; sourceTree = BUILT_PRODUCTS_DIR; };
		EE75CAC6177156AD0099ABC1 /* UIKit.framework */ = {isa = PBXFileReference; lastKnownFileType = wrapper.framework; name = UIKit.framework; path = System/Library/Frameworks/UIKit.framework; sourceTree = SDKROOT; };
		EE75CAC8177156AD0099ABC1 /* Foundation.framework */ = {isa = PBXFileReference; lastKnownFileType = wrapper.framework; name = Foundation.framework; path = System/Library/Frameworks/Foundation.framework; sourceTree = SDKROOT; };
		EE75CACA177156AD0099ABC1 /* CoreGraphics.framework */ = {isa = PBXFileReference; lastKnownFileType = wrapper.framework; name = CoreGraphics.framework; path = System/Library/Frameworks/CoreGraphics.framework; sourceTree = SDKROOT; };
		EE75CACE177156AD0099ABC1 /* Touch-Info.plist */ = {isa = PBXFileReference; lastKnownFileType = text.plist.xml; path = "Touch-Info.plist"; sourceTree = "<group>"; };
		EE75CAD0177156AD0099ABC1 /* en */ = {isa = PBXFileReference; lastKnownFileType = text.plist.strings; name = en; path = en.lproj/InfoPlist.strings; sourceTree = "<group>"; };
		EE75CAD2177156AD0099ABC1 /* main.m */ = {isa = PBXFileReference; lastKnownFileType = sourcecode.c.objc; path = main.m; sourceTree = "<group>"; };
		EE75CAD4177156AD0099ABC1 /* Touch-Prefix.pch */ = {isa = PBXFileReference; lastKnownFileType = sourcecode.c.h; path = "Touch-Prefix.pch"; sourceTree = "<group>"; };
		EE75CAD5177156AD0099ABC1 /* AppDelegate.h */ = {isa = PBXFileReference; lastKnownFileType = sourcecode.c.h; path = AppDelegate.h; sourceTree = "<group>"; };
		EE75CAD6177156AD0099ABC1 /* AppDelegate.m */ = {isa = PBXFileReference; lastKnownFileType = sourcecode.c.objc; path = AppDelegate.m; sourceTree = "<group>"; };
		EE75CAD8177156AD0099ABC1 /* Default.png */ = {isa = PBXFileReference; lastKnownFileType = image.png; path = Default.png; sourceTree = "<group>"; };
		EE75CADA177156AD0099ABC1 /* Default@2x.png */ = {isa = PBXFileReference; lastKnownFileType = image.png; path = "Default@2x.png"; sourceTree = "<group>"; };
		EE75CADC177156AD0099ABC1 /* Default-568h@2x.png */ = {isa = PBXFileReference; lastKnownFileType = image.png; path = "Default-568h@2x.png"; sourceTree = "<group>"; };
		EE75CAE3177156CB0099ABC1 /* TouchView.h */ = {isa = PBXFileReference; fileEncoding = 4; lastKnownFileType = sourcecode.c.h; path = TouchView.h; sourceTree = "<group>"; };
		EE75CAE4177156CB0099ABC1 /* TouchView.m */ = {isa = PBXFileReference; fileEncoding = 4; lastKnownFileType = sourcecode.c.objc; path = TouchView.m; sourceTree = "<group>"; };
		EE75CAE61771BB4B0099ABC1 /* mmm.png */ = {isa = PBXFileReference; lastKnownFileType = image.png; path = mmm.png; sourceTree = "<group>"; };
		EEFBC02017749E3B00E26595 /* CoreText.framework */ = {isa = PBXFileReference; lastKnownFileType = wrapper.framework; name = CoreText.framework; path = System/Library/Frameworks/CoreText.framework; sourceTree = SDKROOT; };
		EEFBC0831776976500E26595 /* en */ = {isa = PBXFileReference; lastKnownFileType = file; name = en; path = en.lproj/Localizable.strings; sourceTree = "<group>"; };
		EEFBC0851776979100E26595 /* zh-Hans */ = {isa = PBXFileReference; lastKnownFileType = text.plist.strings; name = "zh-Hans"; path = "zh-Hans.lproj/InfoPlist.strings"; sourceTree = "<group>"; };
		EEFBC0861776979100E26595 /* zh-Hans */ = {isa = PBXFileReference; lastKnownFileType = file; name = "zh-Hans"; path = "zh-Hans.lproj/Localizable.strings"; sourceTree = "<group>"; };
/* End PBXFileReference section */

/* Begin PBXFrameworksBuildPhase section */
		EE75CAC0177156AD0099ABC1 /* Frameworks */ = {
			isa = PBXFrameworksBuildPhase;
			buildActionMask = 2147483647;
			files = (
				EEFBC02117749E3B00E26595 /* CoreText.framework in Frameworks */,
				EE75CAC7177156AD0099ABC1 /* UIKit.framework in Frameworks */,
				EE75CAC9177156AD0099ABC1 /* Foundation.framework in Frameworks */,
				EE75CACB177156AD0099ABC1 /* CoreGraphics.framework in Frameworks */,
			);
			runOnlyForDeploymentPostprocessing = 0;
		};
/* End PBXFrameworksBuildPhase section */

/* Begin PBXGroup section */
		EE75CABA177156AD0099ABC1 = {
			isa = PBXGroup;
			children = (
				EEFBC02017749E3B00E26595 /* CoreText.framework */,
				EE75CACC177156AD0099ABC1 /* Touch */,
				EE75CAC5177156AD0099ABC1 /* Frameworks */,
				EE75CAC4177156AD0099ABC1 /* Products */,
			);
			sourceTree = "<group>";
		};
		EE75CAC4177156AD0099ABC1 /* Products */ = {
			isa = PBXGroup;
			children = (
				EE75CAC3177156AD0099ABC1 /* Touch.app */,
			);
			name = Products;
			sourceTree = "<group>";
		};
		EE75CAC5177156AD0099ABC1 /* Frameworks */ = {
			isa = PBXGroup;
			children = (
				EE75CAC6177156AD0099ABC1 /* UIKit.framework */,
				EE75CAC8177156AD0099ABC1 /* Foundation.framework */,
				EE75CACA177156AD0099ABC1 /* CoreGraphics.framework */,
			);
			name = Frameworks;
			sourceTree = "<group>";
		};
		EE75CACC177156AD0099ABC1 /* Touch */ = {
			isa = PBXGroup;
			children = (
				EE75CAD5177156AD0099ABC1 /* AppDelegate.h */,
				EE75CAD6177156AD0099ABC1 /* AppDelegate.m */,
				EE75CACD177156AD0099ABC1 /* Supporting Files */,
				EE75CAE3177156CB0099ABC1 /* TouchView.h */,
				EE75CAE4177156CB0099ABC1 /* TouchView.m */,
				EE75CAE61771BB4B0099ABC1 /* mmm.png */,
			);
			path = Touch;
			sourceTree = "<group>";
		};
		EE75CACD177156AD0099ABC1 /* Supporting Files */ = {
			isa = PBXGroup;
			children = (
				EE75CACE177156AD0099ABC1 /* Touch-Info.plist */,
				EE75CACF177156AD0099ABC1 /* InfoPlist.strings */,
				EE75CAD2177156AD0099ABC1 /* main.m */,
				EE75CAD4177156AD0099ABC1 /* Touch-Prefix.pch */,
				EE75CAD8177156AD0099ABC1 /* Default.png */,
				EE75CADA177156AD0099ABC1 /* Default@2x.png */,
				EE75CADC177156AD0099ABC1 /* Default-568h@2x.png */,
				EEFBC0841776976500E26595 /* Localizable.strings */,
			);
			name = "Supporting Files";
			sourceTree = "<group>";
		};
/* End PBXGroup section */

/* Begin PBXNativeTarget section */
		EE75CAC2177156AD0099ABC1 /* Touch */ = {
			isa = PBXNativeTarget;
			buildConfigurationList = EE75CAE0177156AD0099ABC1 /* Build configuration list for PBXNativeTarget "Touch" */;
			buildPhases = (
				EE75CABF177156AD0099ABC1 /* Sources */,
				EE75CAC0177156AD0099ABC1 /* Frameworks */,
				EE75CAC1177156AD0099ABC1 /* Resources */,
			);
			buildRules = (
			);
			dependencies = (
			);
			name = Touch;
			productName = Touch;
			productReference = EE75CAC3177156AD0099ABC1 /* Touch.app */;
			productType = "com.apple.product-type.application";
		};
/* End PBXNativeTarget section */

/* Begin PBXProject section */
		EE75CABB177156AD0099ABC1 /* Project object */ = {
			isa = PBXProject;
			attributes = {
				LastUpgradeCheck = 0460;
				ORGANIZATIONNAME = "蒋 杏飞";
			};
			buildConfigurationList = EE75CABE177156AD0099ABC1 /* Build configuration list for PBXProject "Touch" */;
			compatibilityVersion = "Xcode 3.2";
			developmentRegion = English;
			hasScannedForEncodings = 0;
			knownRegions = (
				en,
				"zh-Hans",
			);
			mainGroup = EE75CABA177156AD0099ABC1;
			productRefGroup = EE75CAC4177156AD0099ABC1 /* Products */;
			projectDirPath = "";
			projectRoot = "";
			targets = (
				EE75CAC2177156AD0099ABC1 /* Touch */,
			);
		};
/* End PBXProject section */

/* Begin PBXResourcesBuildPhase section */
		EE75CAC1177156AD0099ABC1 /* Resources */ = {
			isa = PBXResourcesBuildPhase;
			buildActionMask = 2147483647;
			files = (
				EE75CAD1177156AD0099ABC1 /* InfoPlist.strings in Resources */,
				EE75CAD9177156AD0099ABC1 /* Default.png in Resources */,
				EE75CADB177156AD0099ABC1 /* Default@2x.png in Resources */,
				EE75CADD177156AD0099ABC1 /* Default-568h@2x.png in Resources */,
				EE75CAE71771BB4B0099ABC1 /* mmm.png in Resources */,
				EEFBC0821776976500E26595 /* Localizable.strings in Resources */,
			);
			runOnlyForDeploymentPostprocessing = 0;
		};
/* End PBXResourcesBuildPhase section */

/* Begin PBXSourcesBuildPhase section */
		EE75CABF177156AD0099ABC1 /* Sources */ = {
			isa = PBXSourcesBuildPhase;
			buildActionMask = 2147483647;
			files = (
				EE75CAD3177156AD0099ABC1 /* main.m in Sources */,
				EE75CAD7177156AD0099ABC1 /* AppDelegate.m in Sources */,
				EE75CAE5177156CB0099ABC1 /* TouchView.m in Sources */,
			);
			runOnlyForDeploymentPostprocessing = 0;
		};
/* End PBXSourcesBuildPhase section */

/* Begin PBXVariantGroup section */
		EE75CACF177156AD0099ABC1 /* InfoPlist.strings */ = {
			isa = PBXVariantGroup;
			children = (
				EE75CAD0177156AD0099ABC1 /* en */,
				EEFBC0851776979100E26595 /* zh-Hans */,
			);
			name = InfoPlist.strings;
			sourceTree = "<group>";
		};
		EEFBC0841776976500E26595 /* Localizable.strings */ = {
			isa = PBXVariantGroup;
			children = (
				EEFBC0831776976500E26595 /* en */,
				EEFBC0861776979100E26595 /* zh-Hans */,
			);
			name = Localizable.strings;
			sourceTree = "<group>";
		};
/* End PBXVariantGroup section */

/* Begin XCBuildConfiguration section */
		EE75CADE177156AD0099ABC1 /* Debug */ = {
			isa = XCBuildConfiguration;
			buildSettings = {
				ALWAYS_SEARCH_USER_PATHS = NO;
				CLANG_CXX_LANGUAGE_STANDARD = "gnu++0x";
				CLANG_CXX_LIBRARY = "libc++";
				CLANG_WARN_CONSTANT_CONVERSION = YES;
				CLANG_WARN_EMPTY_BODY = YES;
				CLANG_WARN_ENUM_CONVERSION = YES;
				CLANG_WARN_INT_CONVERSION = YES;
				CLANG_WARN__DUPLICATE_METHOD_MATCH = YES;
				"CODE_SIGN_IDENTITY[sdk=iphoneos*]" = "iPhone Developer";
				COPY_PHASE_STRIP = NO;
				GCC_C_LANGUAGE_STANDARD = gnu99;
				GCC_DYNAMIC_NO_PIC = NO;
				GCC_OPTIMIZATION_LEVEL = 0;
				GCC_PREPROCESSOR_DEFINITIONS = (
					"DEBUG=1",
					"$(inherited)",
				);
				GCC_SYMBOLS_PRIVATE_EXTERN = NO;
				GCC_WARN_ABOUT_RETURN_TYPE = YES;
				GCC_WARN_UNINITIALIZED_AUTOS = YES;
				GCC_WARN_UNUSED_VARIABLE = YES;
				IPHONEOS_DEPLOYMENT_TARGET = 6.1;
				ONLY_ACTIVE_ARCH = YES;
				SDKROOT = iphoneos;
			};
			name = Debug;
		};
		EE75CADF177156AD0099ABC1 /* Release */ = {
			isa = XCBuildConfiguration;
			buildSettings = {
				ALWAYS_SEARCH_USER_PATHS = NO;
				CLANG_CXX_LANGUAGE_STANDARD = "gnu++0x";
				CLANG_CXX_LIBRARY = "libc++";
				CLANG_WARN_CONSTANT_CONVERSION = YES;
				CLANG_WARN_EMPTY_BODY = YES;
				CLANG_WARN_ENUM_CONVERSION = YES;
				CLANG_WARN_INT_CONVERSION = YES;
				CLANG_WARN__DUPLICATE_METHOD_MATCH = YES;
				"CODE_SIGN_IDENTITY[sdk=iphoneos*]" = "iPhone Developer";
				COPY_PHASE_STRIP = YES;
				GCC_C_LANGUAGE_STANDARD = gnu99;
				GCC_WARN_ABOUT_RETURN_TYPE = YES;
				GCC_WARN_UNINITIALIZED_AUTOS = YES;
				GCC_WARN_UNUSED_VARIABLE = YES;
				IPHONEOS_DEPLOYMENT_TARGET = 6.1;
				OTHER_CFLAGS = "-DNS_BLOCK_ASSERTIONS=1";
				SDKROOT = iphoneos;
				VALIDATE_PRODUCT = YES;
			};
			name = Release;
		};
		EE75CAE1177156AD0099ABC1 /* Debug */ = {
			isa = XCBuildConfiguration;
			buildSettings = {
				GCC_PRECOMPILE_PREFIX_HEADER = YES;
				GCC_PREFIX_HEADER = "Touch/Touch-Prefix.pch";
				INFOPLIST_FILE = "Touch/Touch-Info.plist";
				PRODUCT_NAME = "$(TARGET_NAME)";
				WRAPPER_EXTENSION = app;
			};
			name = Debug;
		};
		EE75CAE2177156AD0099ABC1 /* Release */ = {
			isa = XCBuildConfiguration;
			buildSettings = {
				GCC_PRECOMPILE_PREFIX_HEADER = YES;
				GCC_PREFIX_HEADER = "Touch/Touch-Prefix.pch";
				INFOPLIST_FILE = "Touch/Touch-Info.plist";
				PRODUCT_NAME = "$(TARGET_NAME)";
				WRAPPER_EXTENSION = app;
			};
			name = Release;
		};
/* End XCBuildConfiguration section */

/* Begin XCConfigurationList section */
		EE75CABE177156AD0099ABC1 /* Build configuration list for PBXProject "Touch" */ = {
			isa = XCConfigurationList;
			buildConfigurations = (
				EE75CADE177156AD0099ABC1 /* Debug */,
				EE75CADF177156AD0099ABC1 /* Release */,
			);
			defaultConfigurationIsVisible = 0;
			defaultConfigurationName = Release;
		};
		EE75CAE0177156AD0099ABC1 /* Build configuration list for PBXNativeTarget "Touch" */ = {
			isa = XCConfigurationList;
			buildConfigurations = (
				EE75CAE1177156AD0099ABC1 /* Debug */,
				EE75CAE2177156AD0099ABC1 /* Release */,
			);
			defaultConfigurationIsVisible = 0;
			defaultConfigurationName = Release;
		};
/* End XCConfigurationList section */
	};
	rootObject = EE75CABB177156AD0099ABC1 /* Project object */;
}
